
Microsoft Visual Studio Solution File, Format Version 12.00
# Visual Studio Version 16
VisualStudioVersion = 16.0.31025.194
MinimumVisualStudioVersion = 10.0.40219.1
Project("{9A19103F-16F7-4668-BE54-9A1E7A4F7556}") = "BookWebDotNet", "BookWebDotNet.csproj", "{66D70F9F-ED2D-4958-9CEF-F6E0867D78E2}"
EndProject
Project("{FAE04EC0-301F-11D3-BF4B-00C04F79EFBC}") = "BookWebXUnitTests", "..\BookWebXUnitTests\BookWebXUnitTests.csproj", "{215B8A66-9A12-418B-9B8A-12DC953774DE}"
EndProject
Global
	GlobalSection(SolutionConfigurationPlatforms) = preSolution
		Debug|Any CPU = Debug|Any CPU
		Release|Any CPU = Release|Any CPU
	EndGlobalSection
	GlobalSection(ProjectConfigurationPlatforms) = postSolution
		{66D70F9F-ED2D-4958-9CEF-F6E0867D78E2}.Debug|Any CPU.ActiveCfg = Debug|Any CPU
		{66D70F9F-ED2D-4958-9CEF-F6E0867D78E2}.Debug|Any CPU.Build.0 = Debug|Any CPU
		{66D70F9F-ED2D-4958-9CEF-F6E0867D78E2}.Release|Any CPU.ActiveCfg = Release|Any CPU
		{66D70F9F-ED2D-4958-9CEF-F6E0867D78E2}.Release|Any CPU.Build.0 = Release|Any CPU
		{215B8A66-9A12-418B-9B8A-12DC953774DE}.Debug|Any CPU.ActiveCfg = Debug|Any CPU
		{215B8A66-9A12-418B-9B8A-12DC953774DE}.Debug|Any CPU.Build.0 = Debug|Any CPU
		{215B8A66-9A12-418B-9B8A-12DC953774DE}.Release|Any CPU.ActiveCfg = Release|Any CPU
		{215B8A66-9A12-418B-9B8A-12DC953774DE}.Release|Any CPU.Build.0 = Release|Any CPU
	EndGlobalSection
	GlobalSection(SolutionProperties) = preSolution
		HideSolutionNode = FALSE
	EndGlobalSection
	GlobalSection(ExtensibilityGlobals) = postSolution
		SolutionGuid = {B44FAB6A-6FC3-4733-8115-B31389F25531}
	EndGlobalSection
EndGlobal
